
Microsoft Visual Studio Solution File, Format Version 12.00
# Visual Studio 15
VisualStudioVersion = 15.0.27428.2027
MinimumVisualStudioVersion = 10.0.40219.1
Project("{FAE04EC0-301F-11D3-BF4B-00C04F79EFBC}") = "SimpleInventoryManagementSystem", "SimpleInventoryManagementSystem\SimpleInventoryManagementSystem.csproj", "{AABC28A6-6F7D-4246-9526-1FF61D53A7E7}"
EndProject
Global
	GlobalSection(SolutionConfigurationPlatforms) = preSolution
		Debug|Any CPU = Debug|Any CPU
		Release|Any CPU = Release|Any CPU
	EndGlobalSection
	GlobalSection(ProjectConfigurationPlatforms) = postSolution
		{AABC28A6-6F7D-4246-9526-1FF61D53A7E7}.Debug|Any CPU.ActiveCfg = Debug|Any CPU
		{AABC28A6-6F7D-4246-9526-1FF61D53A7E7}.Debug|Any CPU.Build.0 = Debug|Any CPU
		{AABC28A6-6F7D-4246-9526-1FF61D53A7E7}.Release|Any CPU.ActiveCfg = Release|Any CPU
		{AABC28A6-6F7D-4246-9526-1FF61D53A7E7}.Release|Any CPU.Build.0 = Release|Any CPU
	EndGlobalSection
	GlobalSection(SolutionProperties) = preSolution
		HideSolutionNode = FALSE
	EndGlobalSection
	GlobalSection(ExtensibilityGlobals) = postSolution
		SolutionGuid = {37DF3F6C-9840-4870-9AA3-5018244EFC12}
	EndGlobalSection
EndGlobal
